
Microsoft Visual Studio Solution File, Format Version 12.00
# Visual Studio Version 17
VisualStudioVersion = 17.4.33103.184
MinimumVisualStudioVersion = 10.0.40219.1
Project("{9A19103F-16F7-4668-BE54-9A1E7A4F7556}") = "BlazorWebAssemblyDemo.Server", "BlazorWebAssemblyDemo\Server\BlazorWebAssemblyDemo.Server.csproj", "{D79F4BFB-D1B9-4680-B0A5-616E2B9463BA}"
EndProject
Project("{9A19103F-16F7-4668-BE54-9A1E7A4F7556}") = "BlazorWebAssemblyDemo.Client", "BlazorWebAssemblyDemo\Client\BlazorWebAssemblyDemo.Client.csproj", "{B71979BB-8BA7-43D0-BD4B-12D2DAE5D79B}"
EndProject
Project("{9A19103F-16F7-4668-BE54-9A1E7A4F7556}") = "BlazorWebAssemblyDemo.Shared", "BlazorWebAssemblyDemo\Shared\BlazorWebAssemblyDemo.Shared.csproj", "{E44843DC-DF8D-480F-B765-322F7461FCF7}"
EndProject
Global
	GlobalSection(SolutionConfigurationPlatforms) = preSolution
		Debug|Any CPU = Debug|Any CPU
		Release|Any CPU = Release|Any CPU
	EndGlobalSection
	GlobalSection(ProjectConfigurationPlatforms) = postSolution
		{D79F4BFB-D1B9-4680-B0A5-616E2B9463BA}.Debug|Any CPU.ActiveCfg = Debug|Any CPU
		{D79F4BFB-D1B9-4680-B0A5-616E2B9463BA}.Debug|Any CPU.Build.0 = Debug|Any CPU
		{D79F4BFB-D1B9-4680-B0A5-616E2B9463BA}.Release|Any CPU.ActiveCfg = Release|Any CPU
		{D79F4BFB-D1B9-4680-B0A5-616E2B9463BA}.Release|Any CPU.Build.0 = Release|Any CPU
		{B71979BB-8BA7-43D0-BD4B-12D2DAE5D79B}.Debug|Any CPU.ActiveCfg = Debug|Any CPU
		{B71979BB-8BA7-43D0-BD4B-12D2DAE5D79B}.Debug|Any CPU.Build.0 = Debug|Any CPU
		{B71979BB-8BA7-43D0-BD4B-12D2DAE5D79B}.Release|Any CPU.ActiveCfg = Release|Any CPU
		{B71979BB-8BA7-43D0-BD4B-12D2DAE5D79B}.Release|Any CPU.Build.0 = Release|Any CPU
		{E44843DC-DF8D-480F-B765-322F7461FCF7}.Debug|Any CPU.ActiveCfg = Debug|Any CPU
		{E44843DC-DF8D-480F-B765-322F7461FCF7}.Debug|Any CPU.Build.0 = Debug|Any CPU
		{E44843DC-DF8D-480F-B765-322F7461FCF7}.Release|Any CPU.ActiveCfg = Release|Any CPU
		{E44843DC-DF8D-480F-B765-322F7461FCF7}.Release|Any CPU.Build.0 = Release|Any CPU
	EndGlobalSection
	GlobalSection(SolutionProperties) = preSolution
		HideSolutionNode = FALSE
	EndGlobalSection
	GlobalSection(ExtensibilityGlobals) = postSolution
		SolutionGuid = {8DBEE59C-9850-4116-90C4-A2D313EACE91}
	EndGlobalSection
EndGlobal
